<?xml version="1.0" encoding="utf-8"?>
<Project ToolsVersion="4.0" xmlns="http://schemas.microsoft.com/developer/msbuild/2003">
  <ItemGroup>
    <ClCompile Include="homework-1.cpp">
      <Filter>Source Files</Filter>
    </ClCompile>
    <ClCompile Include="OptiXTracer.cpp">
      <Filter>Source Files</Filter>
    </ClCompile>
    <ClCompile Include="Scene.cpp">
      <Filter>Source Files</Filter>
    </ClCompile>
    <ClCompile Include="RayTracer.cpp">
      <Filter>Source Files</Filter>
    </ClCompile>
    <ClCompile Include="stdafx.cpp">
      <Filter>Source Files</Filter>
    </ClCompile>
    <ClCompile Include="Transform.cpp">
      <Filter>Source Files</Filter>
    </ClCompile>
    <ClCompile Include="Vector3.cpp">
      <Filter>Source Files</Filter>
    </ClCompile>
  </ItemGroup>
  <ItemGroup>
    <ClInclude Include="Color.h">
      <Filter>Header Files</Filter>
    </ClInclude>
    <ClInclude Include="FreeImage.h">
      <Filter>Header Files</Filter>
    </ClInclude>
    <ClInclude Include="homework-1.h">
      <Filter>Header Files</Filter>
    </ClInclude>
    <ClInclude Include="OptiXTracer.h">
      <Filter>Header Files</Filter>
    </ClInclude>
    <ClInclude Include="RayTracer.h">
      <Filter>Header Files</Filter>
    </ClInclude>
    <ClInclude Include="Resource.h">
      <Filter>Header Files</Filter>
    </ClInclude>
    <ClInclude Include="Scene.h">
      <Filter>Header Files</Filter>
    </ClInclude>
    <ClInclude Include="stdafx.h">
      <Filter>Header Files</Filter>
    </ClInclude>
    <ClInclude Include="targetver.h">
      <Filter>Header Files</Filter>
    </ClInclude>
    <ClInclude Include="Types.h">
      <Filter>Header Files</Filter>
    </ClInclude>
    <ClInclude Include="Transform.h">
      <Filter>Header Files</Filter>
    </ClInclude>
    <ClInclude Include="Vector3.h">
      <Filter>Header Files</Filter>
    </ClInclude>
    <ClInclude Include="first.cu">
      <Filter>CUDA Files</Filter>
    </ClInclude>
  </ItemGroup>
  <ItemGroup>
    <Image Include="homework-1.ico">
      <Filter>Resource Files</Filter>
    </Image>
    <Image Include="small.ico">
      <Filter>Resource Files</Filter>
    </Image>
  </ItemGroup>
  <ItemGroup>
    <Text Include="test.txt" />
    <Text Include="test - backup.txt" />
  </ItemGroup>
  <ItemGroup>
    <Filter Include="Header Files">
      <UniqueIdentifier>{e5f9a389-c809-41e4-8f36-cb5db60f03ff}</UniqueIdentifier>
    </Filter>
    <Filter Include="Source Files">
      <UniqueIdentifier>{86595732-ba17-4261-8559-c590b09dfe7a}</UniqueIdentifier>
    </Filter>
    <Filter Include="CUDA Files">
      <UniqueIdentifier>{db9ec792-6f0e-41ea-b4ae-3e436f4f0162}</UniqueIdentifier>
    </Filter>
    <Filter Include="Resource Files">
      <UniqueIdentifier>{141f1b25-222f-4d24-8305-a0d4eecc04cd}</UniqueIdentifier>
    </Filter>
    <Filter Include="HW2 Scenes">
      <UniqueIdentifier>{a8ff1bcc-3177-4338-88c2-8ea4db922926}</UniqueIdentifier>
    </Filter>
    <Filter Include="HW1 Scenes">
      <UniqueIdentifier>{94a678b9-72b8-4157-b50e-233023b3af24}</UniqueIdentifier>
    </Filter>
    <Filter Include="HW3 Scenes">
      <UniqueIdentifier>{b7f0671f-6d6c-42b3-91fa-4c0c17b4ca7e}</UniqueIdentifier>
    </Filter>
    <Filter Include="HW4 Scenes">
      <UniqueIdentifier>{9b03f7a1-939c-4a1b-983f-f192664f20ed}</UniqueIdentifier>
    </Filter>
  </ItemGroup>
  <ItemGroup>
    <None Include="..\hw2-scenes\analytic.test">
      <Filter>HW2 Scenes</Filter>
    </None>
    <None Include="..\hw2-scenes\cornell.test">
      <Filter>HW2 Scenes</Filter>
    </None>
    <None Include="..\hw2-scenes\direct3x3.test">
      <Filter>HW2 Scenes</Filter>
    </None>
    <None Include="..\hw2-scenes\direct9.test">
      <Filter>HW2 Scenes</Filter>
    </None>
    <None Include="..\hw2-scenes\dragon.test">
      <Filter>HW2 Scenes</Filter>
    </None>
    <None Include="..\hw2-scenes\sphere.test">
      <Filter>HW2 Scenes</Filter>
    </None>
    <None Include="..\testscenes\scene1.test">
      <Filter>HW1 Scenes</Filter>
    </None>
    <None Include="..\testscenes\scene2.test">
      <Filter>HW1 Scenes</Filter>
    </None>
    <None Include="..\testscenes\scene3.test">
      <Filter>HW1 Scenes</Filter>
    </None>
    <None Include="..\scenes\scene4-ambient.test">
      <Filter>HW1 Scenes</Filter>
    </None>
    <None Include="..\scenes\scene4-diffuse.test">
      <Filter>HW1 Scenes</Filter>
    </None>
    <None Include="..\scenes\scene4-emission.test">
      <Filter>HW1 Scenes</Filter>
    </None>
    <None Include="..\scenes\scene4-specular.test">
      <Filter>HW1 Scenes</Filter>
    </None>
    <None Include="..\scenes\scene5.test">
      <Filter>HW1 Scenes</Filter>
    </None>
    <None Include="..\scenes\scene6.test">
      <Filter>HW1 Scenes</Filter>
    </None>
    <None Include="..\scenes\scene7.test">
      <Filter>HW1 Scenes</Filter>
    </None>
    <None Include="..\hw3-scenes\cornellNEE.test">
      <Filter>HW3 Scenes</Filter>
    </None>
    <None Include="..\hw3-scenes\cornellRR.test">
      <Filter>HW3 Scenes</Filter>
    </None>
    <None Include="..\hw3-scenes\cornellSimple.test">
      <Filter>HW3 Scenes</Filter>
    </None>
    <None Include="..\hw3-scenes\dragon.test">
      <Filter>HW3 Scenes</Filter>
    </None>
    <None Include="..\hw4-scenes\cornellBRDF.test">
      <Filter>HW4 Scenes</Filter>
    </None>
    <None Include="..\hw4-scenes\cornellCosine.test">
      <Filter>HW4 Scenes</Filter>
    </None>
    <None Include="..\hw4-scenes\cornellMIS.test">
      <Filter>HW4 Scenes</Filter>
    </None>
    <None Include="..\hw4-scenes\dragon.test">
      <Filter>HW4 Scenes</Filter>
    </None>
    <None Include="..\hw4-scenes\ggx.test">
      <Filter>HW4 Scenes</Filter>
    </None>
    <None Include="..\hw4-scenes\mis.test">
      <Filter>HW4 Scenes</Filter>
    </None>
  </ItemGroup>
  <ItemGroup>
    <ResourceCompile Include="homework-1.rc">
      <Filter>Resource Files</Filter>
    </ResourceCompile>
  </ItemGroup>
</Project>